lockfileVersion: '9.0'

settings:
  autoInstallPeers: true
  excludeLinksFromLockfile: false

importers:

  .:
    devDependencies:
      '@soksak/soksak-spec':
        specifier: 0.0.52
        version: 0.0.52

packages:

  '@soksak/soksak-spec@0.0.52':
    resolution: {integrity: sha512-SCKkrmcaWTeJHqO31IB3qcOuSfOnjHtIxwuCA9+XfCIU+NNIFjd30NpQOyyoCUG+JK82raicbvQ9+KxfaRg9ew==}
    engines: {node: 26.7.0}
    hasBin: true

snapshots:

  '@soksak/soksak-spec@0.0.52': {}
