lockfileVersion: '9.0'

settings:
  autoInstallPeers: true
  excludeLinksFromLockfile: false

importers:

  .:
    devDependencies:
      '@soksak-ai/plugin-spec':
        specifier: 0.0.33
        version: 0.0.33

packages:

  '@soksak-ai/plugin-spec@0.0.33':
    resolution: {integrity: sha512-VTGHVzn2CE5XolqE62GK9fXngq3lhnXvz9wZRYWMn+bh7uSEkEzxJCR2YqnSZPtK1+9lUMAzDMoyWvcOZ7syTw==}
    engines: {node: 26.7.0}
    hasBin: true

snapshots:

  '@soksak-ai/plugin-spec@0.0.33': {}
